
Microsoft Visual Studio Solution File, Format Version 12.00
# Visual Studio Version 16
VisualStudioVersion = 16.0.30015.22
MinimumVisualStudioVersion = 10.0.40219.1
Project("{FAE04EC0-301F-11D3-BF4B-00C04F79EFBC}") = "SmallSteps015", "SmallSteps015\SmallSteps015.csproj", "{BB9069FD-96E6-4E1E-B8FE-7D3956E4C6E0}"
EndProject
Project("{9A19103F-16F7-4668-BE54-9A1E7A4F7556}") = "UnitTestTools", "UnitTestTools\UnitTestTools.csproj", "{836C3655-571D-4D37-B7B5-0C301AFCC3A9}"
EndProject
Project("{FAE04EC0-301F-11D3-BF4B-00C04F79EFBC}") = "UnitTestProject1", "UnitTestProject1\UnitTestProject1.csproj", "{2769B238-6D3C-4D1E-9887-415ABC8D03BF}"
EndProject
Global
	GlobalSection(SolutionConfigurationPlatforms) = preSolution
		Debug|Any CPU = Debug|Any CPU
		Release|Any CPU = Release|Any CPU
	EndGlobalSection
	GlobalSection(ProjectConfigurationPlatforms) = postSolution
		{BB9069FD-96E6-4E1E-B8FE-7D3956E4C6E0}.Debug|Any CPU.ActiveCfg = Debug|Any CPU
		{BB9069FD-96E6-4E1E-B8FE-7D3956E4C6E0}.Debug|Any CPU.Build.0 = Debug|Any CPU
		{BB9069FD-96E6-4E1E-B8FE-7D3956E4C6E0}.Release|Any CPU.ActiveCfg = Release|Any CPU
		{BB9069FD-96E6-4E1E-B8FE-7D3956E4C6E0}.Release|Any CPU.Build.0 = Release|Any CPU
		{836C3655-571D-4D37-B7B5-0C301AFCC3A9}.Debug|Any CPU.ActiveCfg = Debug|Any CPU
		{836C3655-571D-4D37-B7B5-0C301AFCC3A9}.Debug|Any CPU.Build.0 = Debug|Any CPU
		{836C3655-571D-4D37-B7B5-0C301AFCC3A9}.Release|Any CPU.ActiveCfg = Release|Any CPU
		{836C3655-571D-4D37-B7B5-0C301AFCC3A9}.Release|Any CPU.Build.0 = Release|Any CPU
		{2769B238-6D3C-4D1E-9887-415ABC8D03BF}.Debug|Any CPU.ActiveCfg = Debug|Any CPU
		{2769B238-6D3C-4D1E-9887-415ABC8D03BF}.Debug|Any CPU.Build.0 = Debug|Any CPU
		{2769B238-6D3C-4D1E-9887-415ABC8D03BF}.Release|Any CPU.ActiveCfg = Release|Any CPU
		{2769B238-6D3C-4D1E-9887-415ABC8D03BF}.Release|Any CPU.Build.0 = Release|Any CPU
	EndGlobalSection
	GlobalSection(SolutionProperties) = preSolution
		HideSolutionNode = FALSE
	EndGlobalSection
	GlobalSection(ExtensibilityGlobals) = postSolution
		SolutionGuid = {084ED88C-AF7E-41E3-BABD-7559D72051E7}
	EndGlobalSection
EndGlobal
